
Microsoft Visual Studio Solution File, Format Version 12.00
# Visual Studio Version 16
VisualStudioVersion = 16.0.31321.278
MinimumVisualStudioVersion = 10.0.40219.1
Project("{FAE04EC0-301F-11D3-BF4B-00C04F79EFBC}") = "AlarmClock", "AlarmClock\AlarmClock.csproj", "{76EA863B-5857-4379-9E35-EC076E490394}"
EndProject
Global
	GlobalSection(SolutionConfigurationPlatforms) = preSolution
		Debug|Any CPU = Debug|Any CPU
		Release|Any CPU = Release|Any CPU
	EndGlobalSection
	GlobalSection(ProjectConfigurationPlatforms) = postSolution
		{76EA863B-5857-4379-9E35-EC076E490394}.Debug|Any CPU.ActiveCfg = Debug|Any CPU
		{76EA863B-5857-4379-9E35-EC076E490394}.Debug|Any CPU.Build.0 = Debug|Any CPU
		{76EA863B-5857-4379-9E35-EC076E490394}.Release|Any CPU.ActiveCfg = Release|Any CPU
		{76EA863B-5857-4379-9E35-EC076E490394}.Release|Any CPU.Build.0 = Release|Any CPU
	EndGlobalSection
	GlobalSection(SolutionProperties) = preSolution
		HideSolutionNode = FALSE
	EndGlobalSection
	GlobalSection(ExtensibilityGlobals) = postSolution
		SolutionGuid = {B71269D5-A9A0-4DBF-AED3-CBDE47AF6BD1}
	EndGlobalSection
EndGlobal
